
Microsoft Visual Studio Solution File, Format Version 12.00
# Visual Studio Version 16
VisualStudioVersion = 16.0.29728.190
MinimumVisualStudioVersion = 10.0.40219.1
Project("{FAE04EC0-301F-11D3-BF4B-00C04F79EFBC}") = "FashionStoreWinForms", "src\FashionStoreWinForms\FashionStoreWinForms.csproj", "{2732AE48-6B4F-4315-A68E-3A89CD1ED190}"
EndProject
Project("{2150E333-8FDC-42A3-9474-1A3956D46DE8}") = "src", "src", "{E1D63286-F6FA-4DC9-B26A-45F57813204A}"
EndProject
Project("{2150E333-8FDC-42A3-9474-1A3956D46DE8}") = "tests", "tests", "{EA938EB1-2037-4721-A25D-20D273F712F1}"
EndProject
Project("{9A19103F-16F7-4668-BE54-9A1E7A4F7556}") = "DalLegacy", "src\DalLegacy\DalLegacy.csproj", "{21A5914B-E4A4-4B82-A683-796D123D33AA}"
EndProject
Project("{9A19103F-16F7-4668-BE54-9A1E7A4F7556}") = "ApplicationCore", "src\ApplicationCore\ApplicationCore.csproj", "{D9544B13-3E6A-48DA-A573-4B9B4A3E989A}"
EndProject
Project("{9A19103F-16F7-4668-BE54-9A1E7A4F7556}") = "ViewModels", "src\ViewModels\ViewModels.csproj", "{38CB278B-0D6E-40EB-855F-FF9BB3307487}"
EndProject
Project("{9A19103F-16F7-4668-BE54-9A1E7A4F7556}") = "MvvmInfrastructure", "src\MvvmInfrastructure\MvvmInfrastructure.csproj", "{1C8F7C21-FD21-4ABD-A07D-272D194BC052}"
EndProject
Project("{FAE04EC0-301F-11D3-BF4B-00C04F79EFBC}") = "WinFormsInfrastructure", "src\WinFormsInfrastructure\WinFormsInfrastructure.csproj", "{0E955EA0-2CDD-4FD6-A154-1855A6E1A464}"
EndProject
Project("{9A19103F-16F7-4668-BE54-9A1E7A4F7556}") = "Utilities", "src\Utilities\Utilities.csproj", "{7B46246D-9FCB-4100-95AC-CA7F87744AEC}"
EndProject
Project("{2150E333-8FDC-42A3-9474-1A3956D46DE8}") = "mocks", "mocks", "{05F1D2A8-6B08-4B7A-9047-840B08B5765F}"
EndProject
Project("{2150E333-8FDC-42A3-9474-1A3956D46DE8}") = "tests", "tests", "{AD9D2059-F478-437B-8433-243B67F89028}"
EndProject
Project("{2150E333-8FDC-42A3-9474-1A3956D46DE8}") = "misc", "misc", "{EF3ACB30-699B-490A-8698-3F60D390AEA7}"
EndProject
Project("{9A19103F-16F7-4668-BE54-9A1E7A4F7556}") = "ViewModelsTests", "tests\tests\ViewModelsTests\ViewModelsTests.csproj", "{9C8559E5-B6F4-4D2B-BF77-EC31495249F6}"
EndProject
Project("{FAE04EC0-301F-11D3-BF4B-00C04F79EFBC}") = "ApplicationCoreLegacy", "src\ApplicationCoreLegacy\ApplicationCoreLegacy.csproj", "{AA3F6843-6E5B-42D9-8BFB-EA12590DEF4B}"
EndProject
Global
	GlobalSection(SolutionConfigurationPlatforms) = preSolution
		Debug|Any CPU = Debug|Any CPU
		Release|Any CPU = Release|Any CPU
	EndGlobalSection
	GlobalSection(ProjectConfigurationPlatforms) = postSolution
		{2732AE48-6B4F-4315-A68E-3A89CD1ED190}.Debug|Any CPU.ActiveCfg = Debug|Any CPU
		{2732AE48-6B4F-4315-A68E-3A89CD1ED190}.Debug|Any CPU.Build.0 = Debug|Any CPU
		{2732AE48-6B4F-4315-A68E-3A89CD1ED190}.Release|Any CPU.ActiveCfg = Release|Any CPU
		{2732AE48-6B4F-4315-A68E-3A89CD1ED190}.Release|Any CPU.Build.0 = Release|Any CPU
		{21A5914B-E4A4-4B82-A683-796D123D33AA}.Debug|Any CPU.ActiveCfg = Debug|Any CPU
		{21A5914B-E4A4-4B82-A683-796D123D33AA}.Debug|Any CPU.Build.0 = Debug|Any CPU
		{21A5914B-E4A4-4B82-A683-796D123D33AA}.Release|Any CPU.ActiveCfg = Release|Any CPU
		{21A5914B-E4A4-4B82-A683-796D123D33AA}.Release|Any CPU.Build.0 = Release|Any CPU
		{D9544B13-3E6A-48DA-A573-4B9B4A3E989A}.Debug|Any CPU.ActiveCfg = Debug|Any CPU
		{D9544B13-3E6A-48DA-A573-4B9B4A3E989A}.Debug|Any CPU.Build.0 = Debug|Any CPU
		{D9544B13-3E6A-48DA-A573-4B9B4A3E989A}.Release|Any CPU.ActiveCfg = Release|Any CPU
		{D9544B13-3E6A-48DA-A573-4B9B4A3E989A}.Release|Any CPU.Build.0 = Release|Any CPU
		{38CB278B-0D6E-40EB-855F-FF9BB3307487}.Debug|Any CPU.ActiveCfg = Debug|Any CPU
		{38CB278B-0D6E-40EB-855F-FF9BB3307487}.Debug|Any CPU.Build.0 = Debug|Any CPU
		{38CB278B-0D6E-40EB-855F-FF9BB3307487}.Release|Any CPU.ActiveCfg = Release|Any CPU
		{38CB278B-0D6E-40EB-855F-FF9BB3307487}.Release|Any CPU.Build.0 = Release|Any CPU
		{1C8F7C21-FD21-4ABD-A07D-272D194BC052}.Debug|Any CPU.ActiveCfg = Debug|Any CPU
		{1C8F7C21-FD21-4ABD-A07D-272D194BC052}.Debug|Any CPU.Build.0 = Debug|Any CPU
		{1C8F7C21-FD21-4ABD-A07D-272D194BC052}.Release|Any CPU.ActiveCfg = Release|Any CPU
		{1C8F7C21-FD21-4ABD-A07D-272D194BC052}.Release|Any CPU.Build.0 = Release|Any CPU
		{0E955EA0-2CDD-4FD6-A154-1855A6E1A464}.Debug|Any CPU.ActiveCfg = Debug|Any CPU
		{0E955EA0-2CDD-4FD6-A154-1855A6E1A464}.Debug|Any CPU.Build.0 = Debug|Any CPU
		{0E955EA0-2CDD-4FD6-A154-1855A6E1A464}.Release|Any CPU.ActiveCfg = Release|Any CPU
		{0E955EA0-2CDD-4FD6-A154-1855A6E1A464}.Release|Any CPU.Build.0 = Release|Any CPU
		{7B46246D-9FCB-4100-95AC-CA7F87744AEC}.Debug|Any CPU.ActiveCfg = Debug|Any CPU
		{7B46246D-9FCB-4100-95AC-CA7F87744AEC}.Debug|Any CPU.Build.0 = Debug|Any CPU
		{7B46246D-9FCB-4100-95AC-CA7F87744AEC}.Release|Any CPU.ActiveCfg = Release|Any CPU
		{7B46246D-9FCB-4100-95AC-CA7F87744AEC}.Release|Any CPU.Build.0 = Release|Any CPU
		{9C8559E5-B6F4-4D2B-BF77-EC31495249F6}.Debug|Any CPU.ActiveCfg = Debug|Any CPU
		{9C8559E5-B6F4-4D2B-BF77-EC31495249F6}.Debug|Any CPU.Build.0 = Debug|Any CPU
		{9C8559E5-B6F4-4D2B-BF77-EC31495249F6}.Release|Any CPU.ActiveCfg = Release|Any CPU
		{9C8559E5-B6F4-4D2B-BF77-EC31495249F6}.Release|Any CPU.Build.0 = Release|Any CPU
		{AA3F6843-6E5B-42D9-8BFB-EA12590DEF4B}.Debug|Any CPU.ActiveCfg = Debug|Any CPU
		{AA3F6843-6E5B-42D9-8BFB-EA12590DEF4B}.Debug|Any CPU.Build.0 = Debug|Any CPU
		{AA3F6843-6E5B-42D9-8BFB-EA12590DEF4B}.Release|Any CPU.ActiveCfg = Release|Any CPU
		{AA3F6843-6E5B-42D9-8BFB-EA12590DEF4B}.Release|Any CPU.Build.0 = Release|Any CPU
	EndGlobalSection
	GlobalSection(SolutionProperties) = preSolution
		HideSolutionNode = FALSE
	EndGlobalSection
	GlobalSection(NestedProjects) = preSolution
		{2732AE48-6B4F-4315-A68E-3A89CD1ED190} = {E1D63286-F6FA-4DC9-B26A-45F57813204A}
		{21A5914B-E4A4-4B82-A683-796D123D33AA} = {E1D63286-F6FA-4DC9-B26A-45F57813204A}
		{D9544B13-3E6A-48DA-A573-4B9B4A3E989A} = {E1D63286-F6FA-4DC9-B26A-45F57813204A}
		{38CB278B-0D6E-40EB-855F-FF9BB3307487} = {E1D63286-F6FA-4DC9-B26A-45F57813204A}
		{1C8F7C21-FD21-4ABD-A07D-272D194BC052} = {E1D63286-F6FA-4DC9-B26A-45F57813204A}
		{0E955EA0-2CDD-4FD6-A154-1855A6E1A464} = {E1D63286-F6FA-4DC9-B26A-45F57813204A}
		{7B46246D-9FCB-4100-95AC-CA7F87744AEC} = {E1D63286-F6FA-4DC9-B26A-45F57813204A}
		{05F1D2A8-6B08-4B7A-9047-840B08B5765F} = {EA938EB1-2037-4721-A25D-20D273F712F1}
		{AD9D2059-F478-437B-8433-243B67F89028} = {EA938EB1-2037-4721-A25D-20D273F712F1}
		{EF3ACB30-699B-490A-8698-3F60D390AEA7} = {EA938EB1-2037-4721-A25D-20D273F712F1}
		{9C8559E5-B6F4-4D2B-BF77-EC31495249F6} = {AD9D2059-F478-437B-8433-243B67F89028}
		{AA3F6843-6E5B-42D9-8BFB-EA12590DEF4B} = {E1D63286-F6FA-4DC9-B26A-45F57813204A}
	EndGlobalSection
	GlobalSection(ExtensibilityGlobals) = postSolution
		SolutionGuid = {21C14AC6-1354-4FE3-85D7-85129E91B5DE}
	EndGlobalSection
EndGlobal
